<?xml version="1.0" encoding="utf-8"?>
<Project ToolsVersion="4.0" xmlns="http://schemas.microsoft.com/developer/msbuild/2003">
  <ItemGroup>
    <ClCompile Include="src\gcr_app.cpp">
      <Filter>src</Filter>
    </ClCompile>
    <ClCompile Include="src\utilities\file_manager.cpp">
      <Filter>src\utilities</Filter>
    </ClCompile>
    <ClCompile Include="src\utilities\filter_manager.cpp">
      <Filter>src\utilities</Filter>
    </ClCompile>
    <ClCompile Include="src\utilities\img_utils.cpp">
      <Filter>src\utilities</Filter>
    </ClCompile>
    <ClCompile Include="src\utilities\media_player.cpp">
      <Filter>src\utilities</Filter>
    </ClCompile>
    <ClCompile Include="src\gui\gcr_menubar_base.cpp">
      <Filter>src\gui</Filter>
    </ClCompile>
    <ClCompile Include="src\gui\gcr_panel_base.cpp">
      <Filter>src\gui</Filter>
    </ClCompile>
    <ClCompile Include="src\utilities\config_manager.cpp">
      <Filter>src\utilities</Filter>
    </ClCompile>
    <ClCompile Include="src\gui\gcr_button_base.cpp">
      <Filter>src\gui</Filter>
    </ClCompile>
    <ClCompile Include="src\gui\gcr_frame_base.cpp">
      <Filter>src\gui</Filter>
    </ClCompile>
    <ClCompile Include="src\gui\menubars\gcr_menubar_mainframe.cpp">
      <Filter>src\gui\menubars</Filter>
    </ClCompile>
    <ClCompile Include="src\gui\frames\gcr_frame_preferences.cpp">
      <Filter>src\gui\frames</Filter>
    </ClCompile>
    <ClCompile Include="src\gui\panels\gcr_panel_preferences.cpp">
      <Filter>src\gui\panels</Filter>
    </ClCompile>
    <ClCompile Include="src\gui\panels\gcr_panel_files.cpp">
      <Filter>src\gui\panels</Filter>
    </ClCompile>
    <ClCompile Include="src\gui\panels\gcr_panel_filters.cpp">
      <Filter>src\gui\panels</Filter>
    </ClCompile>
    <ClCompile Include="src\gui\panels\gcr_panel_mediactrls.cpp">
      <Filter>src\gui\panels</Filter>
    </ClCompile>
    <ClCompile Include="src\gui\panels\gcr_panel_screen.cpp">
      <Filter>src\gui\panels</Filter>
    </ClCompile>
    <ClCompile Include="src\gui\panels\gcr_panel_vcr.cpp">
      <Filter>src\gui\panels</Filter>
    </ClCompile>
    <ClCompile Include="src\gui\frames\gcr_frame_main.cpp">
      <Filter>src\gui\frames</Filter>
    </ClCompile>
    <ClCompile Include="src\utilities\gcr_aui_manager.cpp">
      <Filter>src\utilities</Filter>
    </ClCompile>
    <ClCompile Include="src\utilities\theme_manager.cpp">
      <Filter>src\utilities</Filter>
    </ClCompile>
    <ClCompile Include="src\gui\gcr_slider_base.cpp">
      <Filter>src\gui</Filter>
    </ClCompile>
    <ClCompile Include="src\gui\buttons\gcr_button_thumbnail.cpp">
      <Filter>src\gui\buttons</Filter>
    </ClCompile>
    <ClCompile Include="src\gui\gcr_choice_base.cpp">
      <Filter>src\gui</Filter>
    </ClCompile>
    <ClCompile Include="src\gui\gcr_list_base.cpp">
      <Filter>src\gui</Filter>
    </ClCompile>
    <ClCompile Include="src\gui\panels\gcr_panel_playlist.cpp">
      <Filter>src\gui\panels</Filter>
    </ClCompile>
  </ItemGroup>
  <ItemGroup>
    <ClInclude Include="src\gcr_app.h">
      <Filter>src</Filter>
    </ClInclude>
    <ClInclude Include="src\utilities\file_manager.h">
      <Filter>src\utilities</Filter>
    </ClInclude>
    <ClInclude Include="src\utilities\filter_manager.h">
      <Filter>src\utilities</Filter>
    </ClInclude>
    <ClInclude Include="src\utilities\img_utils.h">
      <Filter>src\utilities</Filter>
    </ClInclude>
    <ClInclude Include="src\utilities\media_player.h">
      <Filter>src\utilities</Filter>
    </ClInclude>
    <ClInclude Include="src\gui\gcr_menubar_base.h">
      <Filter>src\gui</Filter>
    </ClInclude>
    <ClInclude Include="src\interfaces\i_filemanager.h">
      <Filter>src\interfaces</Filter>
    </ClInclude>
    <ClInclude Include="src\interfaces\i_filtermanager.h">
      <Filter>src\interfaces</Filter>
    </ClInclude>
    <ClInclude Include="src\interfaces\i_mediaplayer.h">
      <Filter>src\interfaces</Filter>
    </ClInclude>
    <ClInclude Include="src\gui\gcr_panel_base.h">
      <Filter>src\gui</Filter>
    </ClInclude>
    <ClInclude Include="src\utilities\config_manager.h">
      <Filter>src\utilities</Filter>
    </ClInclude>
    <ClInclude Include="src\gui\gcr_button_base.h">
      <Filter>src\gui</Filter>
    </ClInclude>
    <ClInclude Include="src\gui\gcr_frame_base.h">
      <Filter>src\gui</Filter>
    </ClInclude>
    <ClInclude Include="src\gui\menubars\gcr_menubar_mainframe.h">
      <Filter>src\gui\menubars</Filter>
    </ClInclude>
    <ClInclude Include="src\gui\frames\gcr_frame_preferences.h">
      <Filter>src\gui\frames</Filter>
    </ClInclude>
    <ClInclude Include="src\gui\panels\gcr_panel_preferences.h">
      <Filter>src\gui\panels</Filter>
    </ClInclude>
    <ClInclude Include="src\gui\panels\gcr_panel_files.h">
      <Filter>src\gui\panels</Filter>
    </ClInclude>
    <ClInclude Include="src\gui\panels\gcr_panel_filters.h">
      <Filter>src\gui\panels</Filter>
    </ClInclude>
    <ClInclude Include="src\gui\panels\gcr_panel_mediactrls.h">
      <Filter>src\gui\panels</Filter>
    </ClInclude>
    <ClInclude Include="src\gui\panels\gcr_panel_screen.h">
      <Filter>src\gui\panels</Filter>
    </ClInclude>
    <ClInclude Include="src\gui\panels\gcr_panel_vcr.h">
      <Filter>src\gui\panels</Filter>
    </ClInclude>
    <ClInclude Include="src\gui\frames\gcr_frame_main.h">
      <Filter>src\gui\frames</Filter>
    </ClInclude>
    <ClInclude Include="src\utilities\gcr_aui_manager.h">
      <Filter>src\utilities</Filter>
    </ClInclude>
    <ClInclude Include="src\utilities\theme_manager.h">
      <Filter>src\utilities</Filter>
    </ClInclude>
    <ClInclude Include="src\gui\gcr_slider_base.h">
      <Filter>src\gui</Filter>
    </ClInclude>
    <ClInclude Include="src\gui\buttons\gcr_button_thumbnail.h">
      <Filter>src\gui\buttons</Filter>
    </ClInclude>
    <ClInclude Include="src\gui\gcr_choice_base.h">
      <Filter>src\gui</Filter>
    </ClInclude>
    <ClInclude Include="src\gui\gcr_list_base.h">
      <Filter>src\gui</Filter>
    </ClInclude>
    <ClInclude Include="src\gui\panels\gcr_panel_playlist.h">
      <Filter>src\gui\panels</Filter>
    </ClInclude>
  </ItemGroup>
  <ItemGroup>
    <Filter Include="src">
      <UniqueIdentifier>{49e4f173-26eb-4915-b357-eb0ed3c779ae}</UniqueIdentifier>
    </Filter>
    <Filter Include="src\gui">
      <UniqueIdentifier>{b70980fb-a5a8-47e8-97be-fa62aa064b0e}</UniqueIdentifier>
    </Filter>
    <Filter Include="src\utilities">
      <UniqueIdentifier>{b6e47ebd-f8f0-4c50-bc21-014c32b71df9}</UniqueIdentifier>
    </Filter>
    <Filter Include="src\filters">
      <UniqueIdentifier>{8ea1e558-ba7e-465a-9ca5-3358b1f8da89}</UniqueIdentifier>
    </Filter>
    <Filter Include="src\controllers">
      <UniqueIdentifier>{f6f7e59a-9073-4923-88b7-29be2a379c84}</UniqueIdentifier>
    </Filter>
    <Filter Include="src\interfaces">
      <UniqueIdentifier>{5d193803-95bc-4a75-9908-fc4de3e220cf}</UniqueIdentifier>
    </Filter>
    <Filter Include="src\gui\frames">
      <UniqueIdentifier>{bb6deab6-f10d-4aed-a9b2-e48060ce882a}</UniqueIdentifier>
    </Filter>
    <Filter Include="src\gui\menubars">
      <UniqueIdentifier>{358db7c9-52e9-4799-bf07-c608ffca2871}</UniqueIdentifier>
    </Filter>
    <Filter Include="src\gui\panels">
      <UniqueIdentifier>{d24e85e8-9d51-4b4b-9389-86ea6c9d3cf5}</UniqueIdentifier>
    </Filter>
    <Filter Include="src\gui\buttons">
      <UniqueIdentifier>{7734ae4a-93fa-4eda-b67d-36b6f61b24f5}</UniqueIdentifier>
    </Filter>
  </ItemGroup>
</Project>